# This file is automatically @generated by Cargo.
# It is not intended for manual editing.
version = 3

[[package]]
name = "guilder-abstraction"
version = "0.1.0"
source = "registry+https://github.com/rust-lang/crates.io-index"
checksum = "15551e75f1b4af34d4c204b000bfd65e3668ea2be3bc3be996a00744ddd36786"

[[package]]
name = "guilder-core"
version = "0.1.0"
dependencies = [
 "guilder-abstraction",
]
